
Microsoft Visual Studio Solution File, Format Version 12.00
# Visual Studio Version 17
VisualStudioVersion = 17.7.34202.233
MinimumVisualStudioVersion = 10.0.40219.1
Project("{FAE04EC0-301F-11D3-BF4B-00C04F79EFBC}") = "RallySimulator.Api", "RallySimulator.Api\RallySimulator.Api.csproj", "{52E729D1-8FBE-49CF-BDAF-69137AEFDE3A}"
EndProject
Project("{FAE04EC0-301F-11D3-BF4B-00C04F79EFBC}") = "RallySimulator.Domain", "RallySimulator.Domain\RallySimulator.Domain.csproj", "{FCA4A1C1-A003-43AF-944E-D74F5A9115CE}"
EndProject
Global
	GlobalSection(SolutionConfigurationPlatforms) = preSolution
		Debug|Any CPU = Debug|Any CPU
		Release|Any CPU = Release|Any CPU
	EndGlobalSection
	GlobalSection(ProjectConfigurationPlatforms) = postSolution
		{52E729D1-8FBE-49CF-BDAF-69137AEFDE3A}.Debug|Any CPU.ActiveCfg = Debug|Any CPU
		{52E729D1-8FBE-49CF-BDAF-69137AEFDE3A}.Debug|Any CPU.Build.0 = Debug|Any CPU
		{52E729D1-8FBE-49CF-BDAF-69137AEFDE3A}.Release|Any CPU.ActiveCfg = Release|Any CPU
		{52E729D1-8FBE-49CF-BDAF-69137AEFDE3A}.Release|Any CPU.Build.0 = Release|Any CPU
		{FCA4A1C1-A003-43AF-944E-D74F5A9115CE}.Debug|Any CPU.ActiveCfg = Debug|Any CPU
		{FCA4A1C1-A003-43AF-944E-D74F5A9115CE}.Debug|Any CPU.Build.0 = Debug|Any CPU
		{FCA4A1C1-A003-43AF-944E-D74F5A9115CE}.Release|Any CPU.ActiveCfg = Release|Any CPU
		{FCA4A1C1-A003-43AF-944E-D74F5A9115CE}.Release|Any CPU.Build.0 = Release|Any CPU
	EndGlobalSection
	GlobalSection(SolutionProperties) = preSolution
		HideSolutionNode = FALSE
	EndGlobalSection
	GlobalSection(ExtensibilityGlobals) = postSolution
		SolutionGuid = {DC42A183-BAA2-4485-BA08-F73CBD099541}
	EndGlobalSection
EndGlobal
